<?xml version="1.0" encoding="utf-8"?>
<Project ToolsVersion="4.0" xmlns="http://schemas.microsoft.com/developer/msbuild/2003">
  <ItemGroup>
    <Filter Include="GameWorld">
      <UniqueIdentifier>{07961B7E-7300-D0F4-BC3E-819A28E8AD49}</UniqueIdentifier>
    </Filter>
  </ItemGroup>
  <ItemGroup>
    <ClInclude Include="Source\GameWorld.h" />
    <ClInclude Include="Source\GameWorld\Application.h">
      <Filter>GameWorld</Filter>
    </ClInclude>
    <ClInclude Include="Source\GameWorld\Core.h">
      <Filter>GameWorld</Filter>
    </ClInclude>
    <ClInclude Include="Source\GameWorld\EntryPoint.h">
      <Filter>GameWorld</Filter>
    </ClInclude>
    <ClInclude Include="Source\GameWorld\Log.h">
      <Filter>GameWorld</Filter>
    </ClInclude>
  </ItemGroup>
  <ItemGroup>
    <ClCompile Include="Source\GameWorld\Application.cpp">
      <Filter>GameWorld</Filter>
    </ClCompile>
    <ClCompile Include="Source\GameWorld\Log.cpp">
      <Filter>GameWorld</Filter>
    </ClCompile>
  </ItemGroup>
</Project>